
Microsoft Visual Studio Solution File, Format Version 12.00
# Visual Studio Version 17
VisualStudioVersion = 17.14.36127.28 d17.14
MinimumVisualStudioVersion = 10.0.40219.1
Project("{FAE04EC0-301F-11D3-BF4B-00C04F79EFBC}") = "MMOPlatformer", "MMOPlatformer.csproj", "{97B931BA-7B43-433C-A4C0-EE67F45A2666}"
EndProject
Global
	GlobalSection(SolutionConfigurationPlatforms) = preSolution
		Debug|Any CPU = Debug|Any CPU
		Release|Any CPU = Release|Any CPU
	EndGlobalSection
	GlobalSection(ProjectConfigurationPlatforms) = postSolution
		{97B931BA-7B43-433C-A4C0-EE67F45A2666}.Debug|Any CPU.ActiveCfg = Debug|Any CPU
		{97B931BA-7B43-433C-A4C0-EE67F45A2666}.Debug|Any CPU.Build.0 = Debug|Any CPU
		{97B931BA-7B43-433C-A4C0-EE67F45A2666}.Release|Any CPU.ActiveCfg = Release|Any CPU
		{97B931BA-7B43-433C-A4C0-EE67F45A2666}.Release|Any CPU.Build.0 = Release|Any CPU
	EndGlobalSection
	GlobalSection(SolutionProperties) = preSolution
		HideSolutionNode = FALSE
	EndGlobalSection
	GlobalSection(ExtensibilityGlobals) = postSolution
		SolutionGuid = {92511412-5790-4B07-821A-027F4B3ADE1D}
	EndGlobalSection
EndGlobal
